// !$*UTF8*$!
{
	archiveVersion = 1;
	classes = {
	};
	objectVersion = 48;
	objects = {

/* Begin PBXBuildFile section */
		1B08068222139242007FF640 /* Weather.swift in Sources */ = {isa = PBXBuildFile; fileRef = 1B08068122139242007FF640 /* Weather.swift */; };
		1B08068422139701007FF640 /* APIClient.swift in Sources */ = {isa = PBXBuildFile; fileRef = 1B08068322139701007FF640 /* APIClient.swift */; };
		1B0806862213A1BD007FF640 /* Endpoint.swift in Sources */ = {isa = PBXBuildFile; fileRef = 1B0806852213A1BD007FF640 /* Endpoint.swift */; };
		1B0806882213A526007FF640 /* WeatherAPIClient.swift in Sources */ = {isa = PBXBuildFile; fileRef = 1B0806872213A526007FF640 /* WeatherAPIClient.swift */; };
		1B0AFD8922726BD900A43599 /* curr_wcell_vm.swift in Sources */ = {isa = PBXBuildFile; fileRef = 1B0AFD8822726BD900A43599 /* curr_wcell_vm.swift */; };
		1B0AFD8B22726E9900A43599 /* week_cell_model.swift in Sources */ = {isa = PBXBuildFile; fileRef = 1B0AFD8A22726E9900A43599 /* week_cell_model.swift */; };
		1B0AFD8D22726F2900A43599 /* current_cell_view.swift in Sources */ = {isa = PBXBuildFile; fileRef = 1B0AFD8C22726F2900A43599 /* current_cell_view.swift */; };
		1B0AFD8F22726F3500A43599 /* week_cell_view.swift in Sources */ = {isa = PBXBuildFile; fileRef = 1B0AFD8E22726F3500A43599 /* week_cell_view.swift */; };
		1B0AFD91227274EA00A43599 /* view_controller.swift in Sources */ = {isa = PBXBuildFile; fileRef = 1B0AFD90227274EA00A43599 /* view_controller.swift */; };
		1B61C366227A9E6400678212 /* search_weather_vc.swift in Sources */ = {isa = PBXBuildFile; fileRef = 1B61C365227A9E6400678212 /* search_weather_vc.swift */; };
		1B634ABE22120BEC0011C21A /* AppDelegate.swift in Sources */ = {isa = PBXBuildFile; fileRef = 1B634ABD22120BEC0011C21A /* AppDelegate.swift */; };
		1B634AC322120BEC0011C21A /* Main.storyboard in Resources */ = {isa = PBXBuildFile; fileRef = 1B634AC122120BEC0011C21A /* Main.storyboard */; };
		1B634AC522120BEC0011C21A /* Assets.xcassets in Resources */ = {isa = PBXBuildFile; fileRef = 1B634AC422120BEC0011C21A /* Assets.xcassets */; };
		1B634AC822120BEC0011C21A /* LaunchScreen.storyboard in Resources */ = {isa = PBXBuildFile; fileRef = 1B634AC622120BEC0011C21A /* LaunchScreen.storyboard */; };
		1B634AD322120BEC0011C21A /* Weather_appTests.swift in Sources */ = {isa = PBXBuildFile; fileRef = 1B634AD222120BEC0011C21A /* Weather_appTests.swift */; };
		1B634ADE22120BEC0011C21A /* Weather_appUITests.swift in Sources */ = {isa = PBXBuildFile; fileRef = 1B634ADD22120BEC0011C21A /* Weather_appUITests.swift */; };
		1BC1BA3C2268D79D004A5E1B /* WeatherCellViewModel.swift in Sources */ = {isa = PBXBuildFile; fileRef = 1BC1BA3B2268D79D004A5E1B /* WeatherCellViewModel.swift */; };
		1BC205B522136FD2001BD9C8 /* wTableViewController.swift in Sources */ = {isa = PBXBuildFile; fileRef = 1BC205B422136FD2001BD9C8 /* wTableViewController.swift */; };
		1BF9D6CA227916F20018F3BE /* view_controller_Search.swift in Sources */ = {isa = PBXBuildFile; fileRef = 1BF9D6C9227916F20018F3BE /* view_controller_Search.swift */; };
		1BF9D6CC22791BD40018F3BE /* tab_bar_vc.swift in Sources */ = {isa = PBXBuildFile; fileRef = 1BF9D6CB22791BD40018F3BE /* tab_bar_vc.swift */; };
/* End PBXBuildFile section */

/* Begin PBXContainerItemProxy section */
		1B634ACF22120BEC0011C21A /* PBXContainerItemProxy */ = {
			isa = PBXContainerItemProxy;
			containerPortal = 1B634AB222120BEC0011C21A /* Project object */;
			proxyType = 1;
			remoteGlobalIDString = 1B634AB922120BEC0011C21A;
			remoteInfo = Weather_app;
		};
		1B634ADA22120BEC0011C21A /* PBXContainerItemProxy */ = {
			isa = PBXContainerItemProxy;
			containerPortal = 1B634AB222120BEC0011C21A /* Project object */;
			proxyType = 1;
			remoteGlobalIDString = 1B634AB922120BEC0011C21A;
			remoteInfo = Weather_app;
		};
/* End PBXContainerItemProxy section */

/* Begin PBXFileReference section */
		1B08068122139242007FF640 /* Weather.swift */ = {isa = PBXFileReference; lastKnownFileType = sourcecode.swift; path = Weather.swift; sourceTree = "<group>"; };
		1B08068322139701007FF640 /* APIClient.swift */ = {isa = PBXFileReference; lastKnownFileType = sourcecode.swift; path = APIClient.swift; sourceTree = "<group>"; };
		1B0806852213A1BD007FF640 /* Endpoint.swift */ = {isa = PBXFileReference; lastKnownFileType = sourcecode.swift; path = Endpoint.swift; sourceTree = "<group>"; };
		1B0806872213A526007FF640 /* WeatherAPIClient.swift */ = {isa = PBXFileReference; lastKnownFileType = sourcecode.swift; path = WeatherAPIClient.swift; sourceTree = "<group>"; };
		1B0AFD8822726BD900A43599 /* curr_wcell_vm.swift */ = {isa = PBXFileReference; lastKnownFileType = sourcecode.swift; path = curr_wcell_vm.swift; sourceTree = "<group>"; };
		1B0AFD8A22726E9900A43599 /* week_cell_model.swift */ = {isa = PBXFileReference; lastKnownFileType = sourcecode.swift; path = week_cell_model.swift; sourceTree = "<group>"; };
		1B0AFD8C22726F2900A43599 /* current_cell_view.swift */ = {isa = PBXFileReference; lastKnownFileType = sourcecode.swift; path = current_cell_view.swift; sourceTree = "<group>"; };
		1B0AFD8E22726F3500A43599 /* week_cell_view.swift */ = {isa = PBXFileReference; lastKnownFileType = sourcecode.swift; path = week_cell_view.swift; sourceTree = "<group>"; };
		1B0AFD90227274EA00A43599 /* view_controller.swift */ = {isa = PBXFileReference; lastKnownFileType = sourcecode.swift; path = view_controller.swift; sourceTree = "<group>"; };
		1B61C365227A9E6400678212 /* search_weather_vc.swift */ = {isa = PBXFileReference; lastKnownFileType = sourcecode.swift; path = search_weather_vc.swift; sourceTree = "<group>"; };
		1B634ABA22120BEC0011C21A /* Weather_app.app */ = {isa = PBXFileReference; explicitFileType = wrapper.application; includeInIndex = 0; path = Weather_app.app; sourceTree = BUILT_PRODUCTS_DIR; };
		1B634ABD22120BEC0011C21A /* AppDelegate.swift */ = {isa = PBXFileReference; lastKnownFileType = sourcecode.swift; path = AppDelegate.swift; sourceTree = "<group>"; };
		1B634AC222120BEC0011C21A /* Base */ = {isa = PBXFileReference; lastKnownFileType = file.storyboard; name = Base; path = Base.lproj/Main.storyboard; sourceTree = "<group>"; };
		1B634AC422120BEC0011C21A /* Assets.xcassets */ = {isa = PBXFileReference; lastKnownFileType = folder.assetcatalog; path = Assets.xcassets; sourceTree = "<group>"; };
		1B634AC722120BEC0011C21A /* Base */ = {isa = PBXFileReference; lastKnownFileType = file.storyboard; name = Base; path = Base.lproj/LaunchScreen.storyboard; sourceTree = "<group>"; };
		1B634AC922120BEC0011C21A /* Info.plist */ = {isa = PBXFileReference; lastKnownFileType = text.plist.xml; path = Info.plist; sourceTree = "<group>"; };
		1B634ACE22120BEC0011C21A /* Weather_appTests.xctest */ = {isa = PBXFileReference; explicitFileType = wrapper.cfbundle; includeInIndex = 0; path = Weather_appTests.xctest; sourceTree = BUILT_PRODUCTS_DIR; };
		1B634AD222120BEC0011C21A /* Weather_appTests.swift */ = {isa = PBXFileReference; lastKnownFileType = sourcecode.swift; path = Weather_appTests.swift; sourceTree = "<group>"; };
		1B634AD422120BEC0011C21A /* Info.plist */ = {isa = PBXFileReference; lastKnownFileType = text.plist.xml; path = Info.plist; sourceTree = "<group>"; };
		1B634AD922120BEC0011C21A /* Weather_appUITests.xctest */ = {isa = PBXFileReference; explicitFileType = wrapper.cfbundle; includeInIndex = 0; path = Weather_appUITests.xctest; sourceTree = BUILT_PRODUCTS_DIR; };
		1B634ADD22120BEC0011C21A /* Weather_appUITests.swift */ = {isa = PBXFileReference; lastKnownFileType = sourcecode.swift; path = Weather_appUITests.swift; sourceTree = "<group>"; };
		1B634ADF22120BEC0011C21A /* Info.plist */ = {isa = PBXFileReference; lastKnownFileType = text.plist.xml; path = Info.plist; sourceTree = "<group>"; };
		1BC1BA3B2268D79D004A5E1B /* WeatherCellViewModel.swift */ = {isa = PBXFileReference; lastKnownFileType = sourcecode.swift; path = WeatherCellViewModel.swift; sourceTree = "<group>"; };
		1BC205B422136FD2001BD9C8 /* wTableViewController.swift */ = {isa = PBXFileReference; lastKnownFileType = sourcecode.swift; path = wTableViewController.swift; sourceTree = "<group>"; };
		1BF9D6C9227916F20018F3BE /* view_controller_Search.swift */ = {isa = PBXFileReference; lastKnownFileType = sourcecode.swift; path = view_controller_Search.swift; sourceTree = "<group>"; };
		1BF9D6CB22791BD40018F3BE /* tab_bar_vc.swift */ = {isa = PBXFileReference; fileEncoding = 4; lastKnownFileType = sourcecode.swift; path = tab_bar_vc.swift; sourceTree = "<group>"; };
/* End PBXFileReference section */

/* Begin PBXFrameworksBuildPhase section */
		1B634AB722120BEC0011C21A /* Frameworks */ = {
			isa = PBXFrameworksBuildPhase;
			buildActionMask = 2147483647;
			files = (
			);
			runOnlyForDeploymentPostprocessing = 0;
		};
		1B634ACB22120BEC0011C21A /* Frameworks */ = {
			isa = PBXFrameworksBuildPhase;
			buildActionMask = 2147483647;
			files = (
			);
			runOnlyForDeploymentPostprocessing = 0;
		};
		1B634AD622120BEC0011C21A /* Frameworks */ = {
			isa = PBXFrameworksBuildPhase;
			buildActionMask = 2147483647;
			files = (
			);
			runOnlyForDeploymentPostprocessing = 0;
		};
/* End PBXFrameworksBuildPhase section */

/* Begin PBXGroup section */
		1B0806802213921B007FF640 /* API */ = {
			isa = PBXGroup;
			children = (
				1B08068122139242007FF640 /* Weather.swift */,
				1B08068322139701007FF640 /* APIClient.swift */,
				1B0806852213A1BD007FF640 /* Endpoint.swift */,
				1B0806872213A526007FF640 /* WeatherAPIClient.swift */,
			);
			path = API;
			sourceTree = "<group>";
		};
		1B634AB122120BEC0011C21A = {
			isa = PBXGroup;
			children = (
				1B634ABC22120BEC0011C21A /* Weather_app */,
				1B634AD122120BEC0011C21A /* Weather_appTests */,
				1B634ADC22120BEC0011C21A /* Weather_appUITests */,
				1B634ABB22120BEC0011C21A /* Products */,
			);
			sourceTree = "<group>";
		};
		1B634ABB22120BEC0011C21A /* Products */ = {
			isa = PBXGroup;
			children = (
				1B634ABA22120BEC0011C21A /* Weather_app.app */,
				1B634ACE22120BEC0011C21A /* Weather_appTests.xctest */,
				1B634AD922120BEC0011C21A /* Weather_appUITests.xctest */,
			);
			name = Products;
			sourceTree = "<group>";
		};
		1B634ABC22120BEC0011C21A /* Weather_app */ = {
			isa = PBXGroup;
			children = (
				1B0806802213921B007FF640 /* API */,
				1BC205B322136FA2001BD9C8 /* VC */,
				1BC205B222136F91001BD9C8 /* Models */,
				1B634ABD22120BEC0011C21A /* AppDelegate.swift */,
				1B634AC122120BEC0011C21A /* Main.storyboard */,
				1B634AC422120BEC0011C21A /* Assets.xcassets */,
				1B634AC622120BEC0011C21A /* LaunchScreen.storyboard */,
				1B634AC922120BEC0011C21A /* Info.plist */,
			);
			path = Weather_app;
			sourceTree = "<group>";
		};
		1B634AD122120BEC0011C21A /* Weather_appTests */ = {
			isa = PBXGroup;
			children = (
				1B634AD222120BEC0011C21A /* Weather_appTests.swift */,
				1B634AD422120BEC0011C21A /* Info.plist */,
			);
			path = Weather_appTests;
			sourceTree = "<group>";
		};
		1B634ADC22120BEC0011C21A /* Weather_appUITests */ = {
			isa = PBXGroup;
			children = (
				1B634ADD22120BEC0011C21A /* Weather_appUITests.swift */,
				1B634ADF22120BEC0011C21A /* Info.plist */,
			);
			path = Weather_appUITests;
			sourceTree = "<group>";
		};
		1BC205B222136F91001BD9C8 /* Models */ = {
			isa = PBXGroup;
			children = (
				1BC1BA3B2268D79D004A5E1B /* WeatherCellViewModel.swift */,
				1B0AFD8822726BD900A43599 /* curr_wcell_vm.swift */,
				1B0AFD8A22726E9900A43599 /* week_cell_model.swift */,
			);
			path = Models;
			sourceTree = "<group>";
		};
		1BC205B322136FA2001BD9C8 /* VC */ = {
			isa = PBXGroup;
			children = (
				1B0AFD90227274EA00A43599 /* view_controller.swift */,
				1BC205B422136FD2001BD9C8 /* wTableViewController.swift */,
				1B0AFD8C22726F2900A43599 /* current_cell_view.swift */,
				1B0AFD8E22726F3500A43599 /* week_cell_view.swift */,
				1BF9D6CB22791BD40018F3BE /* tab_bar_vc.swift */,
				1BF9D6C9227916F20018F3BE /* view_controller_Search.swift */,
				1B61C365227A9E6400678212 /* search_weather_vc.swift */,
			);
			path = VC;
			sourceTree = "<group>";
		};
/* End PBXGroup section */

/* Begin PBXNativeTarget section */
		1B634AB922120BEC0011C21A /* Weather_app */ = {
			isa = PBXNativeTarget;
			buildConfigurationList = 1B634AE222120BEC0011C21A /* Build configuration list for PBXNativeTarget "Weather_app" */;
			buildPhases = (
				1B634AB622120BEC0011C21A /* Sources */,
				1B634AB722120BEC0011C21A /* Frameworks */,
				1B634AB822120BEC0011C21A /* Resources */,
			);
			buildRules = (
			);
			dependencies = (
			);
			name = Weather_app;
			productName = Weather_app;
			productReference = 1B634ABA22120BEC0011C21A /* Weather_app.app */;
			productType = "com.apple.product-type.application";
		};
		1B634ACD22120BEC0011C21A /* Weather_appTests */ = {
			isa = PBXNativeTarget;
			buildConfigurationList = 1B634AE522120BEC0011C21A /* Build configuration list for PBXNativeTarget "Weather_appTests" */;
			buildPhases = (
				1B634ACA22120BEC0011C21A /* Sources */,
				1B634ACB22120BEC0011C21A /* Frameworks */,
				1B634ACC22120BEC0011C21A /* Resources */,
			);
			buildRules = (
			);
			dependencies = (
				1B634AD022120BEC0011C21A /* PBXTargetDependency */,
			);
			name = Weather_appTests;
			productName = Weather_appTests;
			productReference = 1B634ACE22120BEC0011C21A /* Weather_appTests.xctest */;
			productType = "com.apple.product-type.bundle.unit-test";
		};
		1B634AD822120BEC0011C21A /* Weather_appUITests */ = {
			isa = PBXNativeTarget;
			buildConfigurationList = 1B634AE822120BEC0011C21A /* Build configuration list for PBXNativeTarget "Weather_appUITests" */;
			buildPhases = (
				1B634AD522120BEC0011C21A /* Sources */,
				1B634AD622120BEC0011C21A /* Frameworks */,
				1B634AD722120BEC0011C21A /* Resources */,
			);
			buildRules = (
			);
			dependencies = (
				1B634ADB22120BEC0011C21A /* PBXTargetDependency */,
			);
			name = Weather_appUITests;
			productName = Weather_appUITests;
			productReference = 1B634AD922120BEC0011C21A /* Weather_appUITests.xctest */;
			productType = "com.apple.product-type.bundle.ui-testing";
		};
/* End PBXNativeTarget section */

/* Begin PBXProject section */
		1B634AB222120BEC0011C21A /* Project object */ = {
			isa = PBXProject;
			attributes = {
				LastSwiftUpdateCheck = 0920;
				LastUpgradeCheck = 0920;
				ORGANIZATIONNAME = "Mehtab Singh Sidhu";
				TargetAttributes = {
					1B634AB922120BEC0011C21A = {
						CreatedOnToolsVersion = 9.2;
						ProvisioningStyle = Automatic;
					};
					1B634ACD22120BEC0011C21A = {
						CreatedOnToolsVersion = 9.2;
						ProvisioningStyle = Automatic;
						TestTargetID = 1B634AB922120BEC0011C21A;
					};
					1B634AD822120BEC0011C21A = {
						CreatedOnToolsVersion = 9.2;
						ProvisioningStyle = Automatic;
						TestTargetID = 1B634AB922120BEC0011C21A;
					};
				};
			};
			buildConfigurationList = 1B634AB522120BEC0011C21A /* Build configuration list for PBXProject "Weather_app" */;
			compatibilityVersion = "Xcode 8.0";
			developmentRegion = en;
			hasScannedForEncodings = 0;
			knownRegions = (
				en,
				Base,
			);
			mainGroup = 1B634AB122120BEC0011C21A;
			productRefGroup = 1B634ABB22120BEC0011C21A /* Products */;
			projectDirPath = "";
			projectRoot = "";
			targets = (
				1B634AB922120BEC0011C21A /* Weather_app */,
				1B634ACD22120BEC0011C21A /* Weather_appTests */,
				1B634AD822120BEC0011C21A /* Weather_appUITests */,
			);
		};
/* End PBXProject section */

/* Begin PBXResourcesBuildPhase section */
		1B634AB822120BEC0011C21A /* Resources */ = {
			isa = PBXResourcesBuildPhase;
			buildActionMask = 2147483647;
			files = (
				1B634AC822120BEC0011C21A /* LaunchScreen.storyboard in Resources */,
				1B634AC522120BEC0011C21A /* Assets.xcassets in Resources */,
				1B634AC322120BEC0011C21A /* Main.storyboard in Resources */,
			);
			runOnlyForDeploymentPostprocessing = 0;
		};
		1B634ACC22120BEC0011C21A /* Resources */ = {
			isa = PBXResourcesBuildPhase;
			buildActionMask = 2147483647;
			files = (
			);
			runOnlyForDeploymentPostprocessing = 0;
		};
		1B634AD722120BEC0011C21A /* Resources */ = {
			isa = PBXResourcesBuildPhase;
			buildActionMask = 2147483647;
			files = (
			);
			runOnlyForDeploymentPostprocessing = 0;
		};
/* End PBXResourcesBuildPhase section */

/* Begin PBXSourcesBuildPhase section */
		1B634AB622120BEC0011C21A /* Sources */ = {
			isa = PBXSourcesBuildPhase;
			buildActionMask = 2147483647;
			files = (
				1BF9D6CA227916F20018F3BE /* view_controller_Search.swift in Sources */,
				1B634ABE22120BEC0011C21A /* AppDelegate.swift in Sources */,
				1BC205B522136FD2001BD9C8 /* wTableViewController.swift in Sources */,
				1B08068222139242007FF640 /* Weather.swift in Sources */,
				1B08068422139701007FF640 /* APIClient.swift in Sources */,
				1BC1BA3C2268D79D004A5E1B /* WeatherCellViewModel.swift in Sources */,
				1B0AFD8922726BD900A43599 /* curr_wcell_vm.swift in Sources */,
				1B61C366227A9E6400678212 /* search_weather_vc.swift in Sources */,
				1B0806882213A526007FF640 /* WeatherAPIClient.swift in Sources */,
				1B0AFD8B22726E9900A43599 /* week_cell_model.swift in Sources */,
				1B0AFD8F22726F3500A43599 /* week_cell_view.swift in Sources */,
				1B0AFD8D22726F2900A43599 /* current_cell_view.swift in Sources */,
				1B0AFD91227274EA00A43599 /* view_controller.swift in Sources */,
				1BF9D6CC22791BD40018F3BE /* tab_bar_vc.swift in Sources */,
				1B0806862213A1BD007FF640 /* Endpoint.swift in Sources */,
			);
			runOnlyForDeploymentPostprocessing = 0;
		};
		1B634ACA22120BEC0011C21A /* Sources */ = {
			isa = PBXSourcesBuildPhase;
			buildActionMask = 2147483647;
			files = (
				1B634AD322120BEC0011C21A /* Weather_appTests.swift in Sources */,
			);
			runOnlyForDeploymentPostprocessing = 0;
		};
		1B634AD522120BEC0011C21A /* Sources */ = {
			isa = PBXSourcesBuildPhase;
			buildActionMask = 2147483647;
			files = (
				1B634ADE22120BEC0011C21A /* Weather_appUITests.swift in Sources */,
			);
			runOnlyForDeploymentPostprocessing = 0;
		};
/* End PBXSourcesBuildPhase section */

/* Begin PBXTargetDependency section */
		1B634AD022120BEC0011C21A /* PBXTargetDependency */ = {
			isa = PBXTargetDependency;
			target = 1B634AB922120BEC0011C21A /* Weather_app */;
			targetProxy = 1B634ACF22120BEC0011C21A /* PBXContainerItemProxy */;
		};
		1B634ADB22120BEC0011C21A /* PBXTargetDependency */ = {
			isa = PBXTargetDependency;
			target = 1B634AB922120BEC0011C21A /* Weather_app */;
			targetProxy = 1B634ADA22120BEC0011C21A /* PBXContainerItemProxy */;
		};
/* End PBXTargetDependency section */

/* Begin PBXVariantGroup section */
		1B634AC122120BEC0011C21A /* Main.storyboard */ = {
			isa = PBXVariantGroup;
			children = (
				1B634AC222120BEC0011C21A /* Base */,
			);
			name = Main.storyboard;
			sourceTree = "<group>";
		};
		1B634AC622120BEC0011C21A /* LaunchScreen.storyboard */ = {
			isa = PBXVariantGroup;
			children = (
				1B634AC722120BEC0011C21A /* Base */,
			);
			name = LaunchScreen.storyboard;
			sourceTree = "<group>";
		};
/* End PBXVariantGroup section */

/* Begin XCBuildConfiguration section */
		1B634AE022120BEC0011C21A /* Debug */ = {
			isa = XCBuildConfiguration;
			buildSettings = {
				ALWAYS_SEARCH_USER_PATHS = NO;
				CLANG_ANALYZER_NONNULL = YES;
				CLANG_ANALYZER_NUMBER_OBJECT_CONVERSION = YES_AGGRESSIVE;
				CLANG_CXX_LANGUAGE_STANDARD = "gnu++14";
				CLANG_CXX_LIBRARY = "libc++";
				CLANG_ENABLE_MODULES = YES;
				CLANG_ENABLE_OBJC_ARC = YES;
				CLANG_WARN_BLOCK_CAPTURE_AUTORELEASING = YES;
				CLANG_WARN_BOOL_CONVERSION = YES;
				CLANG_WARN_COMMA = YES;
				CLANG_WARN_CONSTANT_CONVERSION = YES;
				CLANG_WARN_DIRECT_OBJC_ISA_USAGE = YES_ERROR;
				CLANG_WARN_DOCUMENTATION_COMMENTS = YES;
				CLANG_WARN_EMPTY_BODY = YES;
				CLANG_WARN_ENUM_CONVERSION = YES;
				CLANG_WARN_INFINITE_RECURSION = YES;
				CLANG_WARN_INT_CONVERSION = YES;
				CLANG_WARN_NON_LITERAL_NULL_CONVERSION = YES;
				CLANG_WARN_OBJC_LITERAL_CONVERSION = YES;
				CLANG_WARN_OBJC_ROOT_CLASS = YES_ERROR;
				CLANG_WARN_RANGE_LOOP_ANALYSIS = YES;
				CLANG_WARN_STRICT_PROTOTYPES = YES;
				CLANG_WARN_SUSPICIOUS_MOVE = YES;
				CLANG_WARN_UNGUARDED_AVAILABILITY = YES_AGGRESSIVE;
				CLANG_WARN_UNREACHABLE_CODE = YES;
				CLANG_WARN__DUPLICATE_METHOD_MATCH = YES;
				CODE_SIGN_IDENTITY = "iPhone Developer";
				COPY_PHASE_STRIP = NO;
				DEBUG_INFORMATION_FORMAT = dwarf;
				ENABLE_STRICT_OBJC_MSGSEND = YES;
				ENABLE_TESTABILITY = YES;
				GCC_C_LANGUAGE_STANDARD = gnu11;
				GCC_DYNAMIC_NO_PIC = NO;
				GCC_NO_COMMON_BLOCKS = YES;
				GCC_OPTIMIZATION_LEVEL = 0;
				GCC_PREPROCESSOR_DEFINITIONS = (
					"DEBUG=1",
					"$(inherited)",
				);
				GCC_WARN_64_TO_32_BIT_CONVERSION = YES;
				GCC_WARN_ABOUT_RETURN_TYPE = YES_ERROR;
				GCC_WARN_UNDECLARED_SELECTOR = YES;
				GCC_WARN_UNINITIALIZED_AUTOS = YES_AGGRESSIVE;
				GCC_WARN_UNUSED_FUNCTION = YES;
				GCC_WARN_UNUSED_VARIABLE = YES;
				IPHONEOS_DEPLOYMENT_TARGET = 11.2;
				MTL_ENABLE_DEBUG_INFO = YES;
				ONLY_ACTIVE_ARCH = YES;
				SDKROOT = iphoneos;
				SWIFT_ACTIVE_COMPILATION_CONDITIONS = DEBUG;
				SWIFT_OPTIMIZATION_LEVEL = "-Onone";
			};
			name = Debug;
		};
		1B634AE122120BEC0011C21A /* Release */ = {
			isa = XCBuildConfiguration;
			buildSettings = {
				ALWAYS_SEARCH_USER_PATHS = NO;
				CLANG_ANALYZER_NONNULL = YES;
				CLANG_ANALYZER_NUMBER_OBJECT_CONVERSION = YES_AGGRESSIVE;
				CLANG_CXX_LANGUAGE_STANDARD = "gnu++14";
				CLANG_CXX_LIBRARY = "libc++";
				CLANG_ENABLE_MODULES = YES;
				CLANG_ENABLE_OBJC_ARC = YES;
				CLANG_WARN_BLOCK_CAPTURE_AUTORELEASING = YES;
				CLANG_WARN_BOOL_CONVERSION = YES;
				CLANG_WARN_COMMA = YES;
				CLANG_WARN_CONSTANT_CONVERSION = YES;
				CLANG_WARN_DIRECT_OBJC_ISA_USAGE = YES_ERROR;
				CLANG_WARN_DOCUMENTATION_COMMENTS = YES;
				CLANG_WARN_EMPTY_BODY = YES;
				CLANG_WARN_ENUM_CONVERSION = YES;
				CLANG_WARN_INFINITE_RECURSION = YES;
				CLANG_WARN_INT_CONVERSION = YES;
				CLANG_WARN_NON_LITERAL_NULL_CONVERSION = YES;
				CLANG_WARN_OBJC_LITERAL_CONVERSION = YES;
				CLANG_WARN_OBJC_ROOT_CLASS = YES_ERROR;
				CLANG_WARN_RANGE_LOOP_ANALYSIS = YES;
				CLANG_WARN_STRICT_PROTOTYPES = YES;
				CLANG_WARN_SUSPICIOUS_MOVE = YES;
				CLANG_WARN_UNGUARDED_AVAILABILITY = YES_AGGRESSIVE;
				CLANG_WARN_UNREACHABLE_CODE = YES;
				CLANG_WARN__DUPLICATE_METHOD_MATCH = YES;
				CODE_SIGN_IDENTITY = "iPhone Developer";
				COPY_PHASE_STRIP = NO;
				DEBUG_INFORMATION_FORMAT = "dwarf-with-dsym";
				ENABLE_NS_ASSERTIONS = NO;
				ENABLE_STRICT_OBJC_MSGSEND = YES;
				GCC_C_LANGUAGE_STANDARD = gnu11;
				GCC_NO_COMMON_BLOCKS = YES;
				GCC_WARN_64_TO_32_BIT_CONVERSION = YES;
				GCC_WARN_ABOUT_RETURN_TYPE = YES_ERROR;
				GCC_WARN_UNDECLARED_SELECTOR = YES;
				GCC_WARN_UNINITIALIZED_AUTOS = YES_AGGRESSIVE;
				GCC_WARN_UNUSED_FUNCTION = YES;
				GCC_WARN_UNUSED_VARIABLE = YES;
				IPHONEOS_DEPLOYMENT_TARGET = 11.2;
				MTL_ENABLE_DEBUG_INFO = NO;
				SDKROOT = iphoneos;
				SWIFT_OPTIMIZATION_LEVEL = "-Owholemodule";
				VALIDATE_PRODUCT = YES;
			};
			name = Release;
		};
		1B634AE322120BEC0011C21A /* Debug */ = {
			isa = XCBuildConfiguration;
			buildSettings = {
				ASSETCATALOG_COMPILER_APPICON_NAME = AppIcon;
				CODE_SIGN_STYLE = Automatic;
				DEVELOPMENT_TEAM = 8NAS26KHBM;
				INFOPLIST_FILE = Weather_app/Info.plist;
				LD_RUNPATH_SEARCH_PATHS = "$(inherited) @executable_path/Frameworks";
				PRODUCT_BUNDLE_IDENTIFIER = "Mehtab.Weather-app";
				PRODUCT_NAME = "$(TARGET_NAME)";
				SWIFT_VERSION = 4.0;
				TARGETED_DEVICE_FAMILY = "1,2";
			};
			name = Debug;
		};
		1B634AE422120BEC0011C21A /* Release */ = {
			isa = XCBuildConfiguration;
			buildSettings = {
				ASSETCATALOG_COMPILER_APPICON_NAME = AppIcon;
				CODE_SIGN_STYLE = Automatic;
				DEVELOPMENT_TEAM = 8NAS26KHBM;
				INFOPLIST_FILE = Weather_app/Info.plist;
				LD_RUNPATH_SEARCH_PATHS = "$(inherited) @executable_path/Frameworks";
				PRODUCT_BUNDLE_IDENTIFIER = "Mehtab.Weather-app";
				PRODUCT_NAME = "$(TARGET_NAME)";
				SWIFT_VERSION = 4.0;
				TARGETED_DEVICE_FAMILY = "1,2";
			};
			name = Release;
		};
		1B634AE622120BEC0011C21A /* Debug */ = {
			isa = XCBuildConfiguration;
			buildSettings = {
				ALWAYS_EMBED_SWIFT_STANDARD_LIBRARIES = YES;
				BUNDLE_LOADER = "$(TEST_HOST)";
				CODE_SIGN_STYLE = Automatic;
				INFOPLIST_FILE = Weather_appTests/Info.plist;
				LD_RUNPATH_SEARCH_PATHS = "$(inherited) @executable_path/Frameworks @loader_path/Frameworks";
				PRODUCT_BUNDLE_IDENTIFIER = "Mehtab.Weather-appTests";
				PRODUCT_NAME = "$(TARGET_NAME)";
				SWIFT_VERSION = 4.0;
				TARGETED_DEVICE_FAMILY = "1,2";
				TEST_HOST = "$(BUILT_PRODUCTS_DIR)/Weather_app.app/Weather_app";
			};
			name = Debug;
		};
		1B634AE722120BEC0011C21A /* Release */ = {
			isa = XCBuildConfiguration;
			buildSettings = {
				ALWAYS_EMBED_SWIFT_STANDARD_LIBRARIES = YES;
				BUNDLE_LOADER = "$(TEST_HOST)";
				CODE_SIGN_STYLE = Automatic;
				INFOPLIST_FILE = Weather_appTests/Info.plist;
				LD_RUNPATH_SEARCH_PATHS = "$(inherited) @executable_path/Frameworks @loader_path/Frameworks";
				PRODUCT_BUNDLE_IDENTIFIER = "Mehtab.Weather-appTests";
				PRODUCT_NAME = "$(TARGET_NAME)";
				SWIFT_VERSION = 4.0;
				TARGETED_DEVICE_FAMILY = "1,2";
				TEST_HOST = "$(BUILT_PRODUCTS_DIR)/Weather_app.app/Weather_app";
			};
			name = Release;
		};
		1B634AE922120BEC0011C21A /* Debug */ = {
			isa = XCBuildConfiguration;
			buildSettings = {
				ALWAYS_EMBED_SWIFT_STANDARD_LIBRARIES = YES;
				CODE_SIGN_STYLE = Automatic;
				INFOPLIST_FILE = Weather_appUITests/Info.plist;
				LD_RUNPATH_SEARCH_PATHS = "$(inherited) @executable_path/Frameworks @loader_path/Frameworks";
				PRODUCT_BUNDLE_IDENTIFIER = "Mehtab.Weather-appUITests";
				PRODUCT_NAME = "$(TARGET_NAME)";
				SWIFT_VERSION = 4.0;
				TARGETED_DEVICE_FAMILY = "1,2";
				TEST_TARGET_NAME = Weather_app;
			};
			name = Debug;
		};
		1B634AEA22120BEC0011C21A /* Release */ = {
			isa = XCBuildConfiguration;
			buildSettings = {
				ALWAYS_EMBED_SWIFT_STANDARD_LIBRARIES = YES;
				CODE_SIGN_STYLE = Automatic;
				INFOPLIST_FILE = Weather_appUITests/Info.plist;
				LD_RUNPATH_SEARCH_PATHS = "$(inherited) @executable_path/Frameworks @loader_path/Frameworks";
				PRODUCT_BUNDLE_IDENTIFIER = "Mehtab.Weather-appUITests";
				PRODUCT_NAME = "$(TARGET_NAME)";
				SWIFT_VERSION = 4.0;
				TARGETED_DEVICE_FAMILY = "1,2";
				TEST_TARGET_NAME = Weather_app;
			};
			name = Release;
		};
/* End XCBuildConfiguration section */

/* Begin XCConfigurationList section */
		1B634AB522120BEC0011C21A /* Build configuration list for PBXProject "Weather_app" */ = {
			isa = XCConfigurationList;
			buildConfigurations = (
				1B634AE022120BEC0011C21A /* Debug */,
				1B634AE122120BEC0011C21A /* Release */,
			);
			defaultConfigurationIsVisible = 0;
			defaultConfigurationName = Release;
		};
		1B634AE222120BEC0011C21A /* Build configuration list for PBXNativeTarget "Weather_app" */ = {
			isa = XCConfigurationList;
			buildConfigurations = (
				1B634AE322120BEC0011C21A /* Debug */,
				1B634AE422120BEC0011C21A /* Release */,
			);
			defaultConfigurationIsVisible = 0;
			defaultConfigurationName = Release;
		};
		1B634AE522120BEC0011C21A /* Build configuration list for PBXNativeTarget "Weather_appTests" */ = {
			isa = XCConfigurationList;
			buildConfigurations = (
				1B634AE622120BEC0011C21A /* Debug */,
				1B634AE722120BEC0011C21A /* Release */,
			);
			defaultConfigurationIsVisible = 0;
			defaultConfigurationName = Release;
		};
		1B634AE822120BEC0011C21A /* Build configuration list for PBXNativeTarget "Weather_appUITests" */ = {
			isa = XCConfigurationList;
			buildConfigurations = (
				1B634AE922120BEC0011C21A /* Debug */,
				1B634AEA22120BEC0011C21A /* Release */,
			);
			defaultConfigurationIsVisible = 0;
			defaultConfigurationName = Release;
		};
/* End XCConfigurationList section */
	};
	rootObject = 1B634AB222120BEC0011C21A /* Project object */;
}
